
Microsoft Visual Studio Solution File, Format Version 12.00
# Visual Studio 15
VisualStudioVersion = 15.0.27130.2027
MinimumVisualStudioVersion = 10.0.40219.1
Project("{FAE04EC0-301F-11D3-BF4B-00C04F79EFBC}") = "CategoryTreeStructure", "CategoryTreeStructure\CategoryTreeStructure.csproj", "{D35A04E2-F26B-43ED-A7E6-F2211055CA29}"
EndProject
Project("{FAE04EC0-301F-11D3-BF4B-00C04F79EFBC}") = "UnitTests", "UnitTestProject1\UnitTests.csproj", "{843D16FE-7ED8-4A8F-BA45-2A4F9EA2DCB4}"
EndProject
Global
	GlobalSection(SolutionConfigurationPlatforms) = preSolution
		Debug|Any CPU = Debug|Any CPU
		Release|Any CPU = Release|Any CPU
	EndGlobalSection
	GlobalSection(ProjectConfigurationPlatforms) = postSolution
		{D35A04E2-F26B-43ED-A7E6-F2211055CA29}.Debug|Any CPU.ActiveCfg = Debug|Any CPU
		{D35A04E2-F26B-43ED-A7E6-F2211055CA29}.Debug|Any CPU.Build.0 = Debug|Any CPU
		{D35A04E2-F26B-43ED-A7E6-F2211055CA29}.Release|Any CPU.ActiveCfg = Release|Any CPU
		{D35A04E2-F26B-43ED-A7E6-F2211055CA29}.Release|Any CPU.Build.0 = Release|Any CPU
		{843D16FE-7ED8-4A8F-BA45-2A4F9EA2DCB4}.Debug|Any CPU.ActiveCfg = Debug|Any CPU
		{843D16FE-7ED8-4A8F-BA45-2A4F9EA2DCB4}.Debug|Any CPU.Build.0 = Debug|Any CPU
		{843D16FE-7ED8-4A8F-BA45-2A4F9EA2DCB4}.Release|Any CPU.ActiveCfg = Release|Any CPU
		{843D16FE-7ED8-4A8F-BA45-2A4F9EA2DCB4}.Release|Any CPU.Build.0 = Release|Any CPU
	EndGlobalSection
	GlobalSection(SolutionProperties) = preSolution
		HideSolutionNode = FALSE
	EndGlobalSection
	GlobalSection(ExtensibilityGlobals) = postSolution
		SolutionGuid = {AAEE1075-BCB3-42FC-B730-C8F5E8A87850}
	EndGlobalSection
EndGlobal
